
Microsoft Visual Studio Solution File, Format Version 12.00
# Visual Studio 15
VisualStudioVersion = 15.0.28010.2036
MinimumVisualStudioVersion = 10.0.40219.1
Project("{FAE04EC0-301F-11D3-BF4B-00C04F79EFBC}") = "PO-Search", "PO-Search\PO-Search.csproj", "{766CABC6-DA04-4DA7-BE07-10EFBF6E9559}"
EndProject
Global
	GlobalSection(SolutionConfigurationPlatforms) = preSolution
		Debug|Any CPU = Debug|Any CPU
		Release|Any CPU = Release|Any CPU
	EndGlobalSection
	GlobalSection(ProjectConfigurationPlatforms) = postSolution
		{766CABC6-DA04-4DA7-BE07-10EFBF6E9559}.Debug|Any CPU.ActiveCfg = Debug|Any CPU
		{766CABC6-DA04-4DA7-BE07-10EFBF6E9559}.Debug|Any CPU.Build.0 = Debug|Any CPU
		{766CABC6-DA04-4DA7-BE07-10EFBF6E9559}.Release|Any CPU.ActiveCfg = Release|Any CPU
		{766CABC6-DA04-4DA7-BE07-10EFBF6E9559}.Release|Any CPU.Build.0 = Release|Any CPU
	EndGlobalSection
	GlobalSection(SolutionProperties) = preSolution
		HideSolutionNode = FALSE
	EndGlobalSection
	GlobalSection(ExtensibilityGlobals) = postSolution
		SolutionGuid = {8579D7BD-9E0C-418A-948F-A4365F0654FD}
	EndGlobalSection
EndGlobal
